
Microsoft Visual Studio Solution File, Format Version 12.00
# Visual Studio 15
VisualStudioVersion = 15.0.27130.2027
MinimumVisualStudioVersion = 10.0.40219.1
Project("{8BC9CEB8-8B4A-11D0-8D11-00A0C91BC942}") = "BinaryMeshFitting", "BinaryMeshFitting\BinaryMeshFitting.vcxproj", "{791F3D85-EDB7-477E-A770-5FD614638591}"
EndProject
Global
	GlobalSection(Performance) = preSolution
		HasPerformanceSessions = true
	EndGlobalSection
	GlobalSection(SolutionConfigurationPlatforms) = preSolution
		Debug|x64 = Debug|x64
		Debug|x86 = Debug|x86
		Release|x64 = Release|x64
		Release|x86 = Release|x86
	EndGlobalSection
	GlobalSection(ProjectConfigurationPlatforms) = postSolution
		{791F3D85-EDB7-477E-A770-5FD614638591}.Debug|x64.ActiveCfg = Debug|x64
		{791F3D85-EDB7-477E-A770-5FD614638591}.Debug|x64.Build.0 = Debug|x64
		{791F3D85-EDB7-477E-A770-5FD614638591}.Debug|x86.ActiveCfg = Debug|Win32
		{791F3D85-EDB7-477E-A770-5FD614638591}.Debug|x86.Build.0 = Debug|Win32
		{791F3D85-EDB7-477E-A770-5FD614638591}.Release|x64.ActiveCfg = Release|x64
		{791F3D85-EDB7-477E-A770-5FD614638591}.Release|x64.Build.0 = Release|x64
		{791F3D85-EDB7-477E-A770-5FD614638591}.Release|x86.ActiveCfg = Release|Win32
		{791F3D85-EDB7-477E-A770-5FD614638591}.Release|x86.Build.0 = Release|Win32
	EndGlobalSection
	GlobalSection(SolutionProperties) = preSolution
		HideSolutionNode = FALSE
	EndGlobalSection
	GlobalSection(ExtensibilityGlobals) = postSolution
		SolutionGuid = {B805D5BB-23F6-483A-AD93-801AB162A685}
	EndGlobalSection
	GlobalSection(Performance) = preSolution
		HasPerformanceSessions = true
	EndGlobalSection
	GlobalSection(Performance) = preSolution
		HasPerformanceSessions = true
	EndGlobalSection
	GlobalSection(Performance) = preSolution
		HasPerformanceSessions = true
	EndGlobalSection
	GlobalSection(Performance) = preSolution
		HasPerformanceSessions = true
	EndGlobalSection
	GlobalSection(Performance) = preSolution
		HasPerformanceSessions = true
	EndGlobalSection
	GlobalSection(Performance) = preSolution
		HasPerformanceSessions = true
	EndGlobalSection
	GlobalSection(Performance) = preSolution
		HasPerformanceSessions = true
	EndGlobalSection
	GlobalSection(Performance) = preSolution
		HasPerformanceSessions = true
	EndGlobalSection
	GlobalSection(Performance) = preSolution
		HasPerformanceSessions = true
	EndGlobalSection
	GlobalSection(Performance) = preSolution
		HasPerformanceSessions = true
	EndGlobalSection
	GlobalSection(Performance) = preSolution
		HasPerformanceSessions = true
	EndGlobalSection
	GlobalSection(Performance) = preSolution
		HasPerformanceSessions = true
	EndGlobalSection
EndGlobal
